
Microsoft Visual Studio Solution File, Format Version 12.00
# Visual Studio 15
VisualStudioVersion = 15.0.28010.2048
MinimumVisualStudioVersion = 10.0.40219.1
Project("{FAE04EC0-301F-11D3-BF4B-00C04F79EFBC}") = "HomeworkCheck", "HomeworkCheck\HomeworkCheck.csproj", "{D80E69A3-239E-4830-B093-0340B4FCCED9}"
EndProject
Global
	GlobalSection(SolutionConfigurationPlatforms) = preSolution
		Debug|Any CPU = Debug|Any CPU
		Release|Any CPU = Release|Any CPU
	EndGlobalSection
	GlobalSection(ProjectConfigurationPlatforms) = postSolution
		{D80E69A3-239E-4830-B093-0340B4FCCED9}.Debug|Any CPU.ActiveCfg = Debug|Any CPU
		{D80E69A3-239E-4830-B093-0340B4FCCED9}.Debug|Any CPU.Build.0 = Debug|Any CPU
		{D80E69A3-239E-4830-B093-0340B4FCCED9}.Release|Any CPU.ActiveCfg = Release|Any CPU
		{D80E69A3-239E-4830-B093-0340B4FCCED9}.Release|Any CPU.Build.0 = Release|Any CPU
	EndGlobalSection
	GlobalSection(SolutionProperties) = preSolution
		HideSolutionNode = FALSE
	EndGlobalSection
	GlobalSection(ExtensibilityGlobals) = postSolution
		SolutionGuid = {88452B3D-DCFF-4227-931A-091DFEB1E8ED}
	EndGlobalSection
EndGlobal
