
Microsoft Visual Studio Solution File, Format Version 12.00
# Visual Studio 15
VisualStudioVersion = 15.0.28010.2048
MinimumVisualStudioVersion = 10.0.40219.1
Project("{FAE04EC0-301F-11D3-BF4B-00C04F79EFBC}") = "GuessNumber", "GuessNumber\GuessNumber.csproj", "{240CD1C4-4D2A-4B85-A58B-3948EA0162EA}"
EndProject
Global
	GlobalSection(SolutionConfigurationPlatforms) = preSolution
		Debug|Any CPU = Debug|Any CPU
		Release|Any CPU = Release|Any CPU
	EndGlobalSection
	GlobalSection(ProjectConfigurationPlatforms) = postSolution
		{240CD1C4-4D2A-4B85-A58B-3948EA0162EA}.Debug|Any CPU.ActiveCfg = Debug|Any CPU
		{240CD1C4-4D2A-4B85-A58B-3948EA0162EA}.Debug|Any CPU.Build.0 = Debug|Any CPU
		{240CD1C4-4D2A-4B85-A58B-3948EA0162EA}.Release|Any CPU.ActiveCfg = Release|Any CPU
		{240CD1C4-4D2A-4B85-A58B-3948EA0162EA}.Release|Any CPU.Build.0 = Release|Any CPU
	EndGlobalSection
	GlobalSection(SolutionProperties) = preSolution
		HideSolutionNode = FALSE
	EndGlobalSection
	GlobalSection(ExtensibilityGlobals) = postSolution
		SolutionGuid = {B2ABE778-D814-4004-8CD7-B99E7E2AD919}
	EndGlobalSection
EndGlobal
