
Microsoft Visual Studio Solution File, Format Version 12.00
# Visual Studio 15
VisualStudioVersion = 15.0.28010.2048
MinimumVisualStudioVersion = 10.0.40219.1
Project("{FAE04EC0-301F-11D3-BF4B-00C04F79EFBC}") = "ExceptionExample", "ExceptionExample\ExceptionExample.csproj", "{12B9CF84-6209-4DC3-AD61-5A52F0031515}"
EndProject
Global
	GlobalSection(SolutionConfigurationPlatforms) = preSolution
		Debug|Any CPU = Debug|Any CPU
		Release|Any CPU = Release|Any CPU
	EndGlobalSection
	GlobalSection(ProjectConfigurationPlatforms) = postSolution
		{12B9CF84-6209-4DC3-AD61-5A52F0031515}.Debug|Any CPU.ActiveCfg = Debug|Any CPU
		{12B9CF84-6209-4DC3-AD61-5A52F0031515}.Debug|Any CPU.Build.0 = Debug|Any CPU
		{12B9CF84-6209-4DC3-AD61-5A52F0031515}.Release|Any CPU.ActiveCfg = Release|Any CPU
		{12B9CF84-6209-4DC3-AD61-5A52F0031515}.Release|Any CPU.Build.0 = Release|Any CPU
	EndGlobalSection
	GlobalSection(SolutionProperties) = preSolution
		HideSolutionNode = FALSE
	EndGlobalSection
	GlobalSection(ExtensibilityGlobals) = postSolution
		SolutionGuid = {66A5E575-EBDC-4F51-B047-13BBE4002FE8}
	EndGlobalSection
EndGlobal
